{
  "name": "bib_doi_updater",
  "version": "1.0.0",
  "lockfileVersion": 2,
  "requires": true,
  "packages": {
    "": {
      "version": "1.0.0",
      "license": "ISC",
      "dependencies": {
        "@citation-js/plugin-ris": "^0.5.1",
        "@orcid/bibtex-parse-js": "^0.0.25",
        "axios": "^0.21.1",
        "citation-js": "^0.5.1",
        "reflib": "^1.8.5"
      }
    },
    "node_modules/@citation-js/cli": {
      "version": "0.5.1",
      "resolved": "https://registry.npmjs.org/@citation-js/cli/-/cli-0.5.1.tgz",
      "integrity": "sha512-Npcbgx3KXq5J6JHQCPtn7UfBktp4tZH9gqqxLyIoIF1g/E5+CqnovpTDidEJAJ70Ne48QABMkoWZGW2dRkSsTQ==",
      "dependencies": {
        "@citation-js/core": "^0.5.1",
        "@citation-js/plugin-bibjson": "^0.5.1",
        "@citation-js/plugin-bibtex": "^0.5.1",
        "@citation-js/plugin-csl": "^0.5.1",
        "@citation-js/plugin-doi": "^0.5.1",
        "@citation-js/plugin-ris": "^0.5.1",
        "@citation-js/plugin-wikidata": "^0.5.1",
        "commander": "^5.1.0"
      },
      "bin": {
        "citation-js": "lib/index.js"
      },
      "engines": {
        "node": ">=8"
      }
    },
    "node_modules/@citation-js/core": {
      "version": "0.5.1",
      "resolved": "https://registry.npmjs.org/@citation-js/core/-/core-0.5.1.tgz",
      "integrity": "sha512-2t4qcDJ/egb+PodvjaZUA6sm3j4mfx8YQV+duB19e/kcuNvEZ+trQrqWvFUp4lPolHF/YufEs81gSs2N3Dc5xA==",
      "dependencies": {
        "@citation-js/date": "^0.4.4",
        "@citation-js/name": "^0.4.2",
        "isomorphic-fetch": "^3.0.0",
        "sync-fetch": "^0.2.0"
      },
      "engines": {
        "node": ">=8"
      }
    },
    "node_modules/@citation-js/date": {
      "version": "0.4.4",
      "resolved": "https://registry.npmjs.org/@citation-js/date/-/date-0.4.4.tgz",
      "integrity": "sha512-wD195pZPwCCN8idhxz4HYZbf5mMnPZMRhOipcU8v1orZWqZp6YDRjOplNKo6yX7tf6fB4ZO8QLuNaNjuic5AWQ==",
      "engines": {
        "node": ">=6.0.0"
      }
    },
    "node_modules/@citation-js/name": {
      "version": "0.4.2",
      "resolved": "https://registry.npmjs.org/@citation-js/name/-/name-0.4.2.tgz",
      "integrity": "sha512-brSPsjs2fOVzSnARLKu0qncn6suWjHVQtrqSUrnqyaRH95r/Ad4wPF5EsoWr+Dx8HzkCGb/ogmoAzfCsqlTwTQ==",
      "engines": {
        "node": ">=6"
      }
    },
    "node_modules/@citation-js/plugin-bibjson": {
      "version": "0.5.1",
      "resolved": "https://registry.npmjs.org/@citation-js/plugin-bibjson/-/plugin-bibjson-0.5.1.tgz",
      "integrity": "sha512-sPrdC0lQZayfNn+QH80joYwVctl6N1xW0dBKc3RO+mLlf7SMAE8hwrpNmNapDz9Kh+VdoCGgGgpxTPzpe1texA==",
      "dependencies": {
        "@citation-js/date": "^0.4.4",
        "@citation-js/name": "^0.4.2"
      },
      "engines": {
        "node": ">=8"
      },
      "peerDependencies": {
        "@citation-js/core": "^0.5.0-alpha.0"
      }
    },
    "node_modules/@citation-js/plugin-bibtex": {
      "version": "0.5.1",
      "resolved": "https://registry.npmjs.org/@citation-js/plugin-bibtex/-/plugin-bibtex-0.5.1.tgz",
      "integrity": "sha512-6A50kaPewGVusPj+ZhZ86hAIUHyxs6afxu5uInopRlVhpmWdURSHm+bAtSvnMiRhfiVW2pmNMTSLm06zKFAC+A==",
      "dependencies": {
        "@citation-js/date": "^0.4.4",
        "@citation-js/name": "^0.4.2",
        "moo": "^0.5.1"
      },
      "engines": {
        "node": ">=8"
      },
      "peerDependencies": {
        "@citation-js/core": "^0.5.0-alpha.0"
      }
    },
    "node_modules/@citation-js/plugin-csl": {
      "version": "0.5.1",
      "resolved": "https://registry.npmjs.org/@citation-js/plugin-csl/-/plugin-csl-0.5.1.tgz",
      "integrity": "sha512-rRWlGBRq9iIG2A/J2+vMWNnjseYQa0jdfuGq3x2FmqfAipZS91qL2o/88GUE7DLY0qpzP2STmcZHMUShAmMz1A==",
      "dependencies": {
        "citeproc": "^2.4.6"
      },
      "engines": {
        "node": ">=8"
      },
      "peerDependencies": {
        "@citation-js/core": "^0.5.0-alpha.0"
      }
    },
    "node_modules/@citation-js/plugin-doi": {
      "version": "0.5.1",
      "resolved": "https://registry.npmjs.org/@citation-js/plugin-doi/-/plugin-doi-0.5.1.tgz",
      "integrity": "sha512-oCqzl5eY69h6m7xESvzx7g5xS7bqfnbL/p88kQdN2vQxYYmovWfw3sSk0hqQv+MekKPCAXOBvbXPlM4YiNqM9g==",
      "engines": {
        "node": ">=8"
      },
      "peerDependencies": {
        "@citation-js/core": "^0.5.0-alpha.0"
      }
    },
    "node_modules/@citation-js/plugin-ris": {
      "version": "0.5.1",
      "resolved": "https://registry.npmjs.org/@citation-js/plugin-ris/-/plugin-ris-0.5.1.tgz",
      "integrity": "sha512-9KUzzC1OfrxpZMUb0jMYK8s2kKj/ggttK9bb6pf3FMVdKhqK4tWUE8VNvVudZBjXaHl/oQx+HbHKvZppekupeg==",
      "dependencies": {
        "@citation-js/date": "^0.4.4",
        "@citation-js/name": "^0.4.2"
      },
      "engines": {
        "node": ">=8"
      },
      "peerDependencies": {
        "@citation-js/core": "^0.5.0-alpha.0"
      }
    },
    "node_modules/@citation-js/plugin-wikidata": {
      "version": "0.5.1",
      "resolved": "https://registry.npmjs.org/@citation-js/plugin-wikidata/-/plugin-wikidata-0.5.1.tgz",
      "integrity": "sha512-JEDqp/dT4XnAKZ9+2Jd3VkIimNUXu/7J0JPP6s+9lgl2RshpG9S26happGTA7hKnf4wvK7UY7iegUIcU6kPbZw==",
      "dependencies": {
        "@citation-js/date": "^0.4.4",
        "@citation-js/name": "^0.4.2",
        "wikidata-sdk": "7"
      },
      "engines": {
        "node": ">=8"
      },
      "peerDependencies": {
        "@citation-js/core": "^0.5.0-alpha.0"
      }
    },
    "node_modules/@orcid/bibtex-parse-js": {
      "version": "0.0.25",
      "resolved": "https://registry.npmjs.org/@orcid/bibtex-parse-js/-/bibtex-parse-js-0.0.25.tgz",
      "integrity": "sha512-n6VuG5/WjiifC1DoUzq0sUCWNSbAyRZznBgvPcY4jVZ/2eJiMv2tNUAt2NukbnFExOUa0RyTOFsqhH2MGpiLgQ=="
    },
    "node_modules/argy": {
      "version": "1.3.1",
      "resolved": "https://registry.npmjs.org/argy/-/argy-1.3.1.tgz",
      "integrity": "sha1-nuk6XUvL8yfWxBRIGm5jlrb4IF0=",
      "engines": {
        "node": ">=0.10.0"
      }
    },
    "node_modules/async-chainable": {
      "version": "2.6.1",
      "resolved": "https://registry.npmjs.org/async-chainable/-/async-chainable-2.6.1.tgz",
      "integrity": "sha512-fB3GUxyhz9cqJBZa1QumXeMmmOzI0VxOigjA+2mMQq/gW8Q2zqrjNPuxB3/E5R2KPMx2VqAyI3DdMK+OTLT22A==",
      "dependencies": {
        "argy": "^1.3.1",
        "debug": "^3.1.0"
      }
    },
    "node_modules/axios": {
      "version": "0.21.1",
      "resolved": "https://registry.npmjs.org/axios/-/axios-0.21.1.tgz",
      "integrity": "sha512-dKQiRHxGD9PPRIUNIWvZhPTPpl1rf/OxTYKsqKUDjBwYylTvV7SjSHJb9ratfyzM6wCdLCOYLzs73qpg5c4iGA==",
      "dependencies": {
        "follow-redirects": "^1.10.0"
      }
    },
    "node_modules/base64-js": {
      "version": "1.5.1",
      "resolved": "https://registry.npmjs.org/base64-js/-/base64-js-1.5.1.tgz",
      "integrity": "sha512-AKpaYlHn8t4SVbOHCy+b5+KKgvR4vrsD8vbvrbiQJps7fKDTkjkDry6ji0rUJjC0kzbNePLwzxq8iypo41qeWA==",
      "funding": [
        {
          "type": "github",
          "url": "https://github.com/sponsors/feross"
        },
        {
          "type": "patreon",
          "url": "https://www.patreon.com/feross"
        },
        {
          "type": "consulting",
          "url": "https://feross.org/support"
        }
      ]
    },
    "node_modules/buffer": {
      "version": "5.7.1",
      "resolved": "https://registry.npmjs.org/buffer/-/buffer-5.7.1.tgz",
      "integrity": "sha512-EHcyIPBQ4BSGlvjB16k5KgAJ27CIsHY/2JBmCRReo48y9rQ3MaUzWX3KVlBa4U7MyX02HdVj0K7C3WaB3ju7FQ==",
      "funding": [
        {
          "type": "github",
          "url": "https://github.com/sponsors/feross"
        },
        {
          "type": "patreon",
          "url": "https://www.patreon.com/feross"
        },
        {
          "type": "consulting",
          "url": "https://feross.org/support"
        }
      ],
      "dependencies": {
        "base64-js": "^1.3.1",
        "ieee754": "^1.1.13"
      }
    },
    "node_modules/citation-js": {
      "version": "0.5.1",
      "resolved": "https://registry.npmjs.org/citation-js/-/citation-js-0.5.1.tgz",
      "integrity": "sha512-hVnou/LGpYlo0E+0h+VLWQEQf+p5EWUQ1jNJdB/sNL+xa5/xaZZkdYGbEqWdMcisHofN3ZWhz1GhltQ0gGzABg==",
      "dependencies": {
        "@citation-js/cli": "0.5.1",
        "@citation-js/core": "0.5.1",
        "@citation-js/date": "0.4.4",
        "@citation-js/name": "0.4.2",
        "@citation-js/plugin-bibjson": "0.5.1",
        "@citation-js/plugin-bibtex": "0.5.1",
        "@citation-js/plugin-csl": "0.5.1",
        "@citation-js/plugin-doi": "0.5.1",
        "@citation-js/plugin-ris": "0.5.1",
        "@citation-js/plugin-wikidata": "0.5.1",
        "citeproc": "^2.4.59"
      },
      "bin": {
        "citation-js": "bin/cmd.js"
      },
      "engines": {
        "node": ">=8"
      }
    },
    "node_modules/citeproc": {
      "version": "2.4.59",
      "resolved": "https://registry.npmjs.org/citeproc/-/citeproc-2.4.59.tgz",
      "integrity": "sha512-BoOk7hu2ORheW2TT//Xj6AFnyP9CuVuQ6THBYTRXO3wEYTMviPbcyXFiZ/tPg5bijvvvVa4gPJRVnipQ0y2aKw=="
    },
    "node_modules/commander": {
      "version": "5.1.0",
      "resolved": "https://registry.npmjs.org/commander/-/commander-5.1.0.tgz",
      "integrity": "sha512-P0CysNDQ7rtVw4QIQtm+MRxV66vKFSvlsQvGYXZWR3qFU0jlMKHZZZgw8e+8DSah4UDKMqnknRDQz+xuQXQ/Zg==",
      "engines": {
        "node": ">= 6"
      }
    },
    "node_modules/csv-parse": {
      "version": "4.16.0",
      "resolved": "https://registry.npmjs.org/csv-parse/-/csv-parse-4.16.0.tgz",
      "integrity": "sha512-Zb4tGPANH4SW0LgC9+s9Mnequs9aqn7N3/pCqNbVjs2XhEF6yWNU2Vm4OGl1v2Go9nw8rXt87Cm2QN/o6Vpqgg=="
    },
    "node_modules/csv-stringify": {
      "version": "5.6.2",
      "resolved": "https://registry.npmjs.org/csv-stringify/-/csv-stringify-5.6.2.tgz",
      "integrity": "sha512-n3rIVbX6ylm1YsX2NEug9IaPV8xRnT+9/NNZbrA/bcHgOSSeqtWla6XnI/xmyu57wIw+ASCAoX1oM6EZtqJV0A=="
    },
    "node_modules/date-fns": {
      "version": "2.22.1",
      "resolved": "https://registry.npmjs.org/date-fns/-/date-fns-2.22.1.tgz",
      "integrity": "sha512-yUFPQjrxEmIsMqlHhAhmxkuH769baF21Kk+nZwZGyrMoyLA+LugaQtC0+Tqf9CBUUULWwUJt6Q5ySI3LJDDCGg==",
      "engines": {
        "node": ">=0.11"
      },
      "funding": {
        "type": "opencollective",
        "url": "https://opencollective.com/date-fns"
      }
    },
    "node_modules/debug": {
      "version": "3.2.7",
      "resolved": "https://registry.npmjs.org/debug/-/debug-3.2.7.tgz",
      "integrity": "sha512-CFjzYYAi4ThfiQvizrFQevTTXHtnCqWfe7x1AhgEscTz6ZbLbfoLRLPugTQyBth6f8ZERVUSyWHFD/7Wu4t1XQ==",
      "dependencies": {
        "ms": "^2.1.1"
      }
    },
    "node_modules/entities": {
      "version": "2.2.0",
      "resolved": "https://registry.npmjs.org/entities/-/entities-2.2.0.tgz",
      "integrity": "sha512-p92if5Nz619I0w+akJrLZH0MX0Pb5DX39XOwQTtXSdQQOaYH03S1uIQp4mhOZtAXrxq4ViO67YTiLBo2638o9A==",
      "funding": {
        "url": "https://github.com/fb55/entities?sponsor=1"
      }
    },
    "node_modules/follow-redirects": {
      "version": "1.14.1",
      "resolved": "https://registry.npmjs.org/follow-redirects/-/follow-redirects-1.14.1.tgz",
      "integrity": "sha512-HWqDgT7ZEkqRzBvc2s64vSZ/hfOceEol3ac/7tKwzuvEyWx3/4UegXh5oBOIotkGsObyk3xznnSRVADBgWSQVg==",
      "funding": [
        {
          "type": "individual",
          "url": "https://github.com/sponsors/RubenVerborgh"
        }
      ],
      "engines": {
        "node": ">=4.0"
      },
      "peerDependenciesMeta": {
        "debug": {
          "optional": true
        }
      }
    },
    "node_modules/ieee754": {
      "version": "1.2.1",
      "resolved": "https://registry.npmjs.org/ieee754/-/ieee754-1.2.1.tgz",
      "integrity": "sha512-dcyqhDvX1C46lXZcVqCpK+FtMRQVdIMN6/Df5js2zouUsqG7I6sFxitIC+7KYK29KdXOLHdu9zL4sFnoVQnqaA==",
      "funding": [
        {
          "type": "github",
          "url": "https://github.com/sponsors/feross"
        },
        {
          "type": "patreon",
          "url": "https://www.patreon.com/feross"
        },
        {
          "type": "consulting",
          "url": "https://feross.org/support"
        }
      ]
    },
    "node_modules/isomorphic-fetch": {
      "version": "3.0.0",
      "resolved": "https://registry.npmjs.org/isomorphic-fetch/-/isomorphic-fetch-3.0.0.tgz",
      "integrity": "sha512-qvUtwJ3j6qwsF3jLxkZ72qCgjMysPzDfeV240JHiGZsANBYd+EEuu35v7dfrJ9Up0Ak07D7GGSkGhCHTqg/5wA==",
      "dependencies": {
        "node-fetch": "^2.6.1",
        "whatwg-fetch": "^3.4.1"
      }
    },
    "node_modules/json-path": {
      "version": "0.1.3",
      "resolved": "https://registry.npmjs.org/json-path/-/json-path-0.1.3.tgz",
      "integrity": "sha1-3OYTV7OygbKKxkfsCnCbxYoVW/g=",
      "dependencies": {
        "json-ptr": "~0.1.1"
      }
    },
    "node_modules/json-ptr": {
      "version": "0.1.1",
      "resolved": "https://registry.npmjs.org/json-ptr/-/json-ptr-0.1.1.tgz",
      "integrity": "sha1-urgqMeKSznr54/x/1lrNG7uSSOg="
    },
    "node_modules/lodash": {
      "version": "4.17.21",
      "resolved": "https://registry.npmjs.org/lodash/-/lodash-4.17.21.tgz",
      "integrity": "sha512-v2kDEe57lecTulaDIuNTPy3Ry4gLGJ6Z1O3vE1krgXZNrsQ+LFTGHVxVjcXPs17LhbZVGedAJv8XZ1tvj5FvSg=="
    },
    "node_modules/moo": {
      "version": "0.5.1",
      "resolved": "https://registry.npmjs.org/moo/-/moo-0.5.1.tgz",
      "integrity": "sha512-I1mnb5xn4fO80BH9BLcF0yLypy2UKl+Cb01Fu0hJRkJjlCRtxZMWkTdAtDd5ZqCOxtCkhmRwyI57vWT+1iZ67w=="
    },
    "node_modules/ms": {
      "version": "2.1.3",
      "resolved": "https://registry.npmjs.org/ms/-/ms-2.1.3.tgz",
      "integrity": "sha512-6FlzubTLZG3J2a/NVCAleEhjzq5oxgHyaCU9yYXvcLsvoVaHJq/s5xXI6/XXP6tz7R9xAOtHnSO/tXtF3WRTlA=="
    },
    "node_modules/node-fetch": {
      "version": "2.6.1",
      "resolved": "https://registry.npmjs.org/node-fetch/-/node-fetch-2.6.1.tgz",
      "integrity": "sha512-V4aYg89jEoVRxRb2fJdAg8FHvI7cEyYdVAh94HH0UIK8oJxUfkjlDQN9RbMx+bEjP7+ggMiFRprSti032Oipxw==",
      "engines": {
        "node": "4.x || >=6.0.0"
      }
    },
    "node_modules/reflib": {
      "version": "1.8.5",
      "resolved": "https://registry.npmjs.org/reflib/-/reflib-1.8.5.tgz",
      "integrity": "sha512-TU0+vSMF1u9tPw8XP1FWj0YtNVZltl/OUP7/ujVNlrKWAYgU1NeEuR2SeeJOw7yuFbWfHfubKKotDZHGi97bzQ==",
      "dependencies": {
        "date-fns": "^2.19.0",
        "lodash": "^4.17.21",
        "reflib-csv": "^1.0.6",
        "reflib-endnotexml": "^1.4.3",
        "reflib-json": "^1.3.1",
        "reflib-medline": "^1.0.7",
        "reflib-ris": "^1.0.7",
        "reflib-tsv": "^1.0.1"
      },
      "engines": {
        "node": ">=10.x.x"
      }
    },
    "node_modules/reflib-csv": {
      "version": "1.0.6",
      "resolved": "https://registry.npmjs.org/reflib-csv/-/reflib-csv-1.0.6.tgz",
      "integrity": "sha512-lKX5zTXRZt2zxvHIKZucsyNMh9M9Nrbg+wwrZyTR3RwfUFm4yUuRRKkcerM/zus0g0bIaVWqPp1hBYtHMbufPw==",
      "dependencies": {
        "csv-parse": "^4.15.3",
        "csv-stringify": "^5.6.2",
        "lodash": "^4.17.21"
      }
    },
    "node_modules/reflib-endnotexml": {
      "version": "1.4.3",
      "resolved": "https://registry.npmjs.org/reflib-endnotexml/-/reflib-endnotexml-1.4.3.tgz",
      "integrity": "sha512-xsTAvKi7bDw7+iyxahTqnO1hLNKHtKIYnm2HQya2rDLkn8Zuz6fGO5JJenXAK0XKZv/7ckNh3hxFfY3kztdKfw==",
      "dependencies": {
        "async-chainable": "^2.6.1",
        "date-fns": "^2.19.0",
        "entities": "^2.2.0",
        "json-path": "^0.1.3",
        "lodash": "^4.17.21",
        "sax": "^1.2.4",
        "xml2js": "^0.4.23"
      }
    },
    "node_modules/reflib-json": {
      "version": "1.3.1",
      "resolved": "https://registry.npmjs.org/reflib-json/-/reflib-json-1.3.1.tgz",
      "integrity": "sha512-BA2Ipmqrp6zc6bsELDXVgUp5e7zQfU9I1rcwigWVJUaD0pfl11pLCsuDmvzzPXnhz7xIeYgfQSY/dNMfQFsa5Q==",
      "dependencies": {
        "async-chainable": "^2.6.1",
        "lodash": "^4.17.21"
      }
    },
    "node_modules/reflib-medline": {
      "version": "1.0.7",
      "resolved": "https://registry.npmjs.org/reflib-medline/-/reflib-medline-1.0.7.tgz",
      "integrity": "sha512-RncVdhwlYZHTi1Yd1/bfO0yvIhhWaQ6tqLUCq9GuKlCTcjoGa2sOgBLz3qEDndt2qcfX5lLZKJXLqQNk8k0eew==",
      "dependencies": {
        "async-chainable": "^2.6.1"
      }
    },
    "node_modules/reflib-ris": {
      "version": "1.0.7",
      "resolved": "https://registry.npmjs.org/reflib-ris/-/reflib-ris-1.0.7.tgz",
      "integrity": "sha512-7QW91DvZ3/hHcUlo5t5SIsPr7otlIRu4QnPDmMgUBzCYQs11KX1hM2gsgslhOWL+Uzw0zOpVNiqKsM4lKZ1CsA==",
      "dependencies": {
        "async-chainable": "^2.6.1"
      }
    },
    "node_modules/reflib-tsv": {
      "version": "1.0.1",
      "resolved": "https://registry.npmjs.org/reflib-tsv/-/reflib-tsv-1.0.1.tgz",
      "integrity": "sha512-8UAwrM6hoNDCOaQdhB3niTWrk3l5WsPqciHDXPao9SV0R6FpOiNdJuIYdN7D6LJb+/91ti2vHmMOwzPGzRc1cA==",
      "dependencies": {
        "reflib-csv": "^1.0.5"
      }
    },
    "node_modules/sax": {
      "version": "1.2.4",
      "resolved": "https://registry.npmjs.org/sax/-/sax-1.2.4.tgz",
      "integrity": "sha512-NqVDv9TpANUjFm0N8uM5GxL36UgKi9/atZw+x7YFnQ8ckwFGKrl4xX4yWtrey3UJm5nP1kUbnYgLopqWNSRhWw=="
    },
    "node_modules/sync-fetch": {
      "version": "0.2.1",
      "resolved": "https://registry.npmjs.org/sync-fetch/-/sync-fetch-0.2.1.tgz",
      "integrity": "sha512-GxcJRiIgg32kjEe90/BTtLeCBOdSR5ShfxbQNrB3duVKbuf7lnjmC4aT3y/Bu1t84j5Uio80IoDQZ4uOHrtTHQ==",
      "dependencies": {
        "buffer": "^5.7.0",
        "node-fetch": "^2.6.1"
      },
      "engines": {
        "node": ">=8"
      }
    },
    "node_modules/whatwg-fetch": {
      "version": "3.6.2",
      "resolved": "https://registry.npmjs.org/whatwg-fetch/-/whatwg-fetch-3.6.2.tgz",
      "integrity": "sha512-bJlen0FcuU/0EMLrdbJ7zOnW6ITZLrZMIarMUVmdKtsGvZna8vxKYaexICWPfZ8qwf9fzNq+UEIZrnSaApt6RA=="
    },
    "node_modules/wikibase-sdk": {
      "version": "7.13.0",
      "resolved": "https://registry.npmjs.org/wikibase-sdk/-/wikibase-sdk-7.13.0.tgz",
      "integrity": "sha512-XVnmSmE4sYXmMQBTLzfKyxz1SvdVL2YiCfbvwObh23WBG2Dcer/HZsg6LN3l/KhUHo8g2Fse+b3PgZqJRSfRAg==",
      "engines": {
        "node": ">= 6.4"
      }
    },
    "node_modules/wikidata-sdk": {
      "version": "7.13.0",
      "resolved": "https://registry.npmjs.org/wikidata-sdk/-/wikidata-sdk-7.13.0.tgz",
      "integrity": "sha512-3LM3BrzJzs/Cfu4LqoU9ELo4DHTO6K6I8FVlHTkrohLh7vJbfgIJswkCmUmYGCXkc2b0FTCx9svU1aorzfs7kg==",
      "dependencies": {
        "wikibase-sdk": "^7.13.0"
      },
      "engines": {
        "node": ">= 6.4"
      }
    },
    "node_modules/xml2js": {
      "version": "0.4.23",
      "resolved": "https://registry.npmjs.org/xml2js/-/xml2js-0.4.23.tgz",
      "integrity": "sha512-ySPiMjM0+pLDftHgXY4By0uswI3SPKLDw/i3UXbnO8M/p28zqexCUoPmQFrYD+/1BzhGJSs2i1ERWKJAtiLrug==",
      "dependencies": {
        "sax": ">=0.6.0",
        "xmlbuilder": "~11.0.0"
      },
      "engines": {
        "node": ">=4.0.0"
      }
    },
    "node_modules/xmlbuilder": {
      "version": "11.0.1",
      "resolved": "https://registry.npmjs.org/xmlbuilder/-/xmlbuilder-11.0.1.tgz",
      "integrity": "sha512-fDlsI/kFEx7gLvbecc0/ohLG50fugQp8ryHzMTuW9vSa1GJ0XYWKnhsUx7oie3G98+r56aTQIUB4kht42R3JvA==",
      "engines": {
        "node": ">=4.0"
      }
    }
  },
  "dependencies": {
    "@citation-js/cli": {
      "version": "0.5.1",
      "resolved": "https://registry.npmjs.org/@citation-js/cli/-/cli-0.5.1.tgz",
      "integrity": "sha512-Npcbgx3KXq5J6JHQCPtn7UfBktp4tZH9gqqxLyIoIF1g/E5+CqnovpTDidEJAJ70Ne48QABMkoWZGW2dRkSsTQ==",
      "requires": {
        "@citation-js/core": "^0.5.1",
        "@citation-js/plugin-bibjson": "^0.5.1",
        "@citation-js/plugin-bibtex": "^0.5.1",
        "@citation-js/plugin-csl": "^0.5.1",
        "@citation-js/plugin-doi": "^0.5.1",
        "@citation-js/plugin-ris": "^0.5.1",
        "@citation-js/plugin-wikidata": "^0.5.1",
        "commander": "^5.1.0"
      }
    },
    "@citation-js/core": {
      "version": "0.5.1",
      "resolved": "https://registry.npmjs.org/@citation-js/core/-/core-0.5.1.tgz",
      "integrity": "sha512-2t4qcDJ/egb+PodvjaZUA6sm3j4mfx8YQV+duB19e/kcuNvEZ+trQrqWvFUp4lPolHF/YufEs81gSs2N3Dc5xA==",
      "requires": {
        "@citation-js/date": "^0.4.4",
        "@citation-js/name": "^0.4.2",
        "isomorphic-fetch": "^3.0.0",
        "sync-fetch": "^0.2.0"
      }
    },
    "@citation-js/date": {
      "version": "0.4.4",
      "resolved": "https://registry.npmjs.org/@citation-js/date/-/date-0.4.4.tgz",
      "integrity": "sha512-wD195pZPwCCN8idhxz4HYZbf5mMnPZMRhOipcU8v1orZWqZp6YDRjOplNKo6yX7tf6fB4ZO8QLuNaNjuic5AWQ=="
    },
    "@citation-js/name": {
      "version": "0.4.2",
      "resolved": "https://registry.npmjs.org/@citation-js/name/-/name-0.4.2.tgz",
      "integrity": "sha512-brSPsjs2fOVzSnARLKu0qncn6suWjHVQtrqSUrnqyaRH95r/Ad4wPF5EsoWr+Dx8HzkCGb/ogmoAzfCsqlTwTQ=="
    },
    "@citation-js/plugin-bibjson": {
      "version": "0.5.1",
      "resolved": "https://registry.npmjs.org/@citation-js/plugin-bibjson/-/plugin-bibjson-0.5.1.tgz",
      "integrity": "sha512-sPrdC0lQZayfNn+QH80joYwVctl6N1xW0dBKc3RO+mLlf7SMAE8hwrpNmNapDz9Kh+VdoCGgGgpxTPzpe1texA==",
      "requires": {
        "@citation-js/date": "^0.4.4",
        "@citation-js/name": "^0.4.2"
      }
    },
    "@citation-js/plugin-bibtex": {
      "version": "0.5.1",
      "resolved": "https://registry.npmjs.org/@citation-js/plugin-bibtex/-/plugin-bibtex-0.5.1.tgz",
      "integrity": "sha512-6A50kaPewGVusPj+ZhZ86hAIUHyxs6afxu5uInopRlVhpmWdURSHm+bAtSvnMiRhfiVW2pmNMTSLm06zKFAC+A==",
      "requires": {
        "@citation-js/date": "^0.4.4",
        "@citation-js/name": "^0.4.2",
        "moo": "^0.5.1"
      }
    },
    "@citation-js/plugin-csl": {
      "version": "0.5.1",
      "resolved": "https://registry.npmjs.org/@citation-js/plugin-csl/-/plugin-csl-0.5.1.tgz",
      "integrity": "sha512-rRWlGBRq9iIG2A/J2+vMWNnjseYQa0jdfuGq3x2FmqfAipZS91qL2o/88GUE7DLY0qpzP2STmcZHMUShAmMz1A==",
      "requires": {
        "citeproc": "^2.4.6"
      }
    },
    "@citation-js/plugin-doi": {
      "version": "0.5.1",
      "resolved": "https://registry.npmjs.org/@citation-js/plugin-doi/-/plugin-doi-0.5.1.tgz",
      "integrity": "sha512-oCqzl5eY69h6m7xESvzx7g5xS7bqfnbL/p88kQdN2vQxYYmovWfw3sSk0hqQv+MekKPCAXOBvbXPlM4YiNqM9g==",
      "requires": {}
    },
    "@citation-js/plugin-ris": {
      "version": "0.5.1",
      "resolved": "https://registry.npmjs.org/@citation-js/plugin-ris/-/plugin-ris-0.5.1.tgz",
      "integrity": "sha512-9KUzzC1OfrxpZMUb0jMYK8s2kKj/ggttK9bb6pf3FMVdKhqK4tWUE8VNvVudZBjXaHl/oQx+HbHKvZppekupeg==",
      "requires": {
        "@citation-js/date": "^0.4.4",
        "@citation-js/name": "^0.4.2"
      }
    },
    "@citation-js/plugin-wikidata": {
      "version": "0.5.1",
      "resolved": "https://registry.npmjs.org/@citation-js/plugin-wikidata/-/plugin-wikidata-0.5.1.tgz",
      "integrity": "sha512-JEDqp/dT4XnAKZ9+2Jd3VkIimNUXu/7J0JPP6s+9lgl2RshpG9S26happGTA7hKnf4wvK7UY7iegUIcU6kPbZw==",
      "requires": {
        "@citation-js/date": "^0.4.4",
        "@citation-js/name": "^0.4.2",
        "wikidata-sdk": "7"
      }
    },
    "@orcid/bibtex-parse-js": {
      "version": "0.0.25",
      "resolved": "https://registry.npmjs.org/@orcid/bibtex-parse-js/-/bibtex-parse-js-0.0.25.tgz",
      "integrity": "sha512-n6VuG5/WjiifC1DoUzq0sUCWNSbAyRZznBgvPcY4jVZ/2eJiMv2tNUAt2NukbnFExOUa0RyTOFsqhH2MGpiLgQ=="
    },
    "argy": {
      "version": "1.3.1",
      "resolved": "https://registry.npmjs.org/argy/-/argy-1.3.1.tgz",
      "integrity": "sha1-nuk6XUvL8yfWxBRIGm5jlrb4IF0="
    },
    "async-chainable": {
      "version": "2.6.1",
      "resolved": "https://registry.npmjs.org/async-chainable/-/async-chainable-2.6.1.tgz",
      "integrity": "sha512-fB3GUxyhz9cqJBZa1QumXeMmmOzI0VxOigjA+2mMQq/gW8Q2zqrjNPuxB3/E5R2KPMx2VqAyI3DdMK+OTLT22A==",
      "requires": {
        "argy": "^1.3.1",
        "debug": "^3.1.0"
      }
    },
    "axios": {
      "version": "0.21.1",
      "resolved": "https://registry.npmjs.org/axios/-/axios-0.21.1.tgz",
      "integrity": "sha512-dKQiRHxGD9PPRIUNIWvZhPTPpl1rf/OxTYKsqKUDjBwYylTvV7SjSHJb9ratfyzM6wCdLCOYLzs73qpg5c4iGA==",
      "requires": {
        "follow-redirects": "^1.10.0"
      }
    },
    "base64-js": {
      "version": "1.5.1",
      "resolved": "https://registry.npmjs.org/base64-js/-/base64-js-1.5.1.tgz",
      "integrity": "sha512-AKpaYlHn8t4SVbOHCy+b5+KKgvR4vrsD8vbvrbiQJps7fKDTkjkDry6ji0rUJjC0kzbNePLwzxq8iypo41qeWA=="
    },
    "buffer": {
      "version": "5.7.1",
      "resolved": "https://registry.npmjs.org/buffer/-/buffer-5.7.1.tgz",
      "integrity": "sha512-EHcyIPBQ4BSGlvjB16k5KgAJ27CIsHY/2JBmCRReo48y9rQ3MaUzWX3KVlBa4U7MyX02HdVj0K7C3WaB3ju7FQ==",
      "requires": {
        "base64-js": "^1.3.1",
        "ieee754": "^1.1.13"
      }
    },
    "citation-js": {
      "version": "0.5.1",
      "resolved": "https://registry.npmjs.org/citation-js/-/citation-js-0.5.1.tgz",
      "integrity": "sha512-hVnou/LGpYlo0E+0h+VLWQEQf+p5EWUQ1jNJdB/sNL+xa5/xaZZkdYGbEqWdMcisHofN3ZWhz1GhltQ0gGzABg==",
      "requires": {
        "@citation-js/cli": "0.5.1",
        "@citation-js/core": "0.5.1",
        "@citation-js/date": "0.4.4",
        "@citation-js/name": "0.4.2",
        "@citation-js/plugin-bibjson": "0.5.1",
        "@citation-js/plugin-bibtex": "0.5.1",
        "@citation-js/plugin-csl": "0.5.1",
        "@citation-js/plugin-doi": "0.5.1",
        "@citation-js/plugin-ris": "0.5.1",
        "@citation-js/plugin-wikidata": "0.5.1",
        "citeproc": "^2.4.59"
      }
    },
    "citeproc": {
      "version": "2.4.59",
      "resolved": "https://registry.npmjs.org/citeproc/-/citeproc-2.4.59.tgz",
      "integrity": "sha512-BoOk7hu2ORheW2TT//Xj6AFnyP9CuVuQ6THBYTRXO3wEYTMviPbcyXFiZ/tPg5bijvvvVa4gPJRVnipQ0y2aKw=="
    },
    "commander": {
      "version": "5.1.0",
      "resolved": "https://registry.npmjs.org/commander/-/commander-5.1.0.tgz",
      "integrity": "sha512-P0CysNDQ7rtVw4QIQtm+MRxV66vKFSvlsQvGYXZWR3qFU0jlMKHZZZgw8e+8DSah4UDKMqnknRDQz+xuQXQ/Zg=="
    },
    "csv-parse": {
      "version": "4.16.0",
      "resolved": "https://registry.npmjs.org/csv-parse/-/csv-parse-4.16.0.tgz",
      "integrity": "sha512-Zb4tGPANH4SW0LgC9+s9Mnequs9aqn7N3/pCqNbVjs2XhEF6yWNU2Vm4OGl1v2Go9nw8rXt87Cm2QN/o6Vpqgg=="
    },
    "csv-stringify": {
      "version": "5.6.2",
      "resolved": "https://registry.npmjs.org/csv-stringify/-/csv-stringify-5.6.2.tgz",
      "integrity": "sha512-n3rIVbX6ylm1YsX2NEug9IaPV8xRnT+9/NNZbrA/bcHgOSSeqtWla6XnI/xmyu57wIw+ASCAoX1oM6EZtqJV0A=="
    },
    "date-fns": {
      "version": "2.22.1",
      "resolved": "https://registry.npmjs.org/date-fns/-/date-fns-2.22.1.tgz",
      "integrity": "sha512-yUFPQjrxEmIsMqlHhAhmxkuH769baF21Kk+nZwZGyrMoyLA+LugaQtC0+Tqf9CBUUULWwUJt6Q5ySI3LJDDCGg=="
    },
    "debug": {
      "version": "3.2.7",
      "resolved": "https://registry.npmjs.org/debug/-/debug-3.2.7.tgz",
      "integrity": "sha512-CFjzYYAi4ThfiQvizrFQevTTXHtnCqWfe7x1AhgEscTz6ZbLbfoLRLPugTQyBth6f8ZERVUSyWHFD/7Wu4t1XQ==",
      "requires": {
        "ms": "^2.1.1"
      }
    },
    "entities": {
      "version": "2.2.0",
      "resolved": "https://registry.npmjs.org/entities/-/entities-2.2.0.tgz",
      "integrity": "sha512-p92if5Nz619I0w+akJrLZH0MX0Pb5DX39XOwQTtXSdQQOaYH03S1uIQp4mhOZtAXrxq4ViO67YTiLBo2638o9A=="
    },
    "follow-redirects": {
      "version": "1.14.1",
      "resolved": "https://registry.npmjs.org/follow-redirects/-/follow-redirects-1.14.1.tgz",
      "integrity": "sha512-HWqDgT7ZEkqRzBvc2s64vSZ/hfOceEol3ac/7tKwzuvEyWx3/4UegXh5oBOIotkGsObyk3xznnSRVADBgWSQVg=="
    },
    "ieee754": {
      "version": "1.2.1",
      "resolved": "https://registry.npmjs.org/ieee754/-/ieee754-1.2.1.tgz",
      "integrity": "sha512-dcyqhDvX1C46lXZcVqCpK+FtMRQVdIMN6/Df5js2zouUsqG7I6sFxitIC+7KYK29KdXOLHdu9zL4sFnoVQnqaA=="
    },
    "isomorphic-fetch": {
      "version": "3.0.0",
      "resolved": "https://registry.npmjs.org/isomorphic-fetch/-/isomorphic-fetch-3.0.0.tgz",
      "integrity": "sha512-qvUtwJ3j6qwsF3jLxkZ72qCgjMysPzDfeV240JHiGZsANBYd+EEuu35v7dfrJ9Up0Ak07D7GGSkGhCHTqg/5wA==",
      "requires": {
        "node-fetch": "^2.6.1",
        "whatwg-fetch": "^3.4.1"
      }
    },
    "json-path": {
      "version": "0.1.3",
      "resolved": "https://registry.npmjs.org/json-path/-/json-path-0.1.3.tgz",
      "integrity": "sha1-3OYTV7OygbKKxkfsCnCbxYoVW/g=",
      "requires": {
        "json-ptr": "~0.1.1"
      }
    },
    "json-ptr": {
      "version": "0.1.1",
      "resolved": "https://registry.npmjs.org/json-ptr/-/json-ptr-0.1.1.tgz",
      "integrity": "sha1-urgqMeKSznr54/x/1lrNG7uSSOg="
    },
    "lodash": {
      "version": "4.17.21",
      "resolved": "https://registry.npmjs.org/lodash/-/lodash-4.17.21.tgz",
      "integrity": "sha512-v2kDEe57lecTulaDIuNTPy3Ry4gLGJ6Z1O3vE1krgXZNrsQ+LFTGHVxVjcXPs17LhbZVGedAJv8XZ1tvj5FvSg=="
    },
    "moo": {
      "version": "0.5.1",
      "resolved": "https://registry.npmjs.org/moo/-/moo-0.5.1.tgz",
      "integrity": "sha512-I1mnb5xn4fO80BH9BLcF0yLypy2UKl+Cb01Fu0hJRkJjlCRtxZMWkTdAtDd5ZqCOxtCkhmRwyI57vWT+1iZ67w=="
    },
    "ms": {
      "version": "2.1.3",
      "resolved": "https://registry.npmjs.org/ms/-/ms-2.1.3.tgz",
      "integrity": "sha512-6FlzubTLZG3J2a/NVCAleEhjzq5oxgHyaCU9yYXvcLsvoVaHJq/s5xXI6/XXP6tz7R9xAOtHnSO/tXtF3WRTlA=="
    },
    "node-fetch": {
      "version": "2.6.1",
      "resolved": "https://registry.npmjs.org/node-fetch/-/node-fetch-2.6.1.tgz",
      "integrity": "sha512-V4aYg89jEoVRxRb2fJdAg8FHvI7cEyYdVAh94HH0UIK8oJxUfkjlDQN9RbMx+bEjP7+ggMiFRprSti032Oipxw=="
    },
    "reflib": {
      "version": "1.8.5",
      "resolved": "https://registry.npmjs.org/reflib/-/reflib-1.8.5.tgz",
      "integrity": "sha512-TU0+vSMF1u9tPw8XP1FWj0YtNVZltl/OUP7/ujVNlrKWAYgU1NeEuR2SeeJOw7yuFbWfHfubKKotDZHGi97bzQ==",
      "requires": {
        "date-fns": "^2.19.0",
        "lodash": "^4.17.21",
        "reflib-csv": "^1.0.6",
        "reflib-endnotexml": "^1.4.3",
        "reflib-json": "^1.3.1",
        "reflib-medline": "^1.0.7",
        "reflib-ris": "^1.0.7",
        "reflib-tsv": "^1.0.1"
      }
    },
    "reflib-csv": {
      "version": "1.0.6",
      "resolved": "https://registry.npmjs.org/reflib-csv/-/reflib-csv-1.0.6.tgz",
      "integrity": "sha512-lKX5zTXRZt2zxvHIKZucsyNMh9M9Nrbg+wwrZyTR3RwfUFm4yUuRRKkcerM/zus0g0bIaVWqPp1hBYtHMbufPw==",
      "requires": {
        "csv-parse": "^4.15.3",
        "csv-stringify": "^5.6.2",
        "lodash": "^4.17.21"
      }
    },
    "reflib-endnotexml": {
      "version": "1.4.3",
      "resolved": "https://registry.npmjs.org/reflib-endnotexml/-/reflib-endnotexml-1.4.3.tgz",
      "integrity": "sha512-xsTAvKi7bDw7+iyxahTqnO1hLNKHtKIYnm2HQya2rDLkn8Zuz6fGO5JJenXAK0XKZv/7ckNh3hxFfY3kztdKfw==",
      "requires": {
        "async-chainable": "^2.6.1",
        "date-fns": "^2.19.0",
        "entities": "^2.2.0",
        "json-path": "^0.1.3",
        "lodash": "^4.17.21",
        "sax": "^1.2.4",
        "xml2js": "^0.4.23"
      }
    },
    "reflib-json": {
      "version": "1.3.1",
      "resolved": "https://registry.npmjs.org/reflib-json/-/reflib-json-1.3.1.tgz",
      "integrity": "sha512-BA2Ipmqrp6zc6bsELDXVgUp5e7zQfU9I1rcwigWVJUaD0pfl11pLCsuDmvzzPXnhz7xIeYgfQSY/dNMfQFsa5Q==",
      "requires": {
        "async-chainable": "^2.6.1",
        "lodash": "^4.17.21"
      }
    },
    "reflib-medline": {
      "version": "1.0.7",
      "resolved": "https://registry.npmjs.org/reflib-medline/-/reflib-medline-1.0.7.tgz",
      "integrity": "sha512-RncVdhwlYZHTi1Yd1/bfO0yvIhhWaQ6tqLUCq9GuKlCTcjoGa2sOgBLz3qEDndt2qcfX5lLZKJXLqQNk8k0eew==",
      "requires": {
        "async-chainable": "^2.6.1"
      }
    },
    "reflib-ris": {
      "version": "1.0.7",
      "resolved": "https://registry.npmjs.org/reflib-ris/-/reflib-ris-1.0.7.tgz",
      "integrity": "sha512-7QW91DvZ3/hHcUlo5t5SIsPr7otlIRu4QnPDmMgUBzCYQs11KX1hM2gsgslhOWL+Uzw0zOpVNiqKsM4lKZ1CsA==",
      "requires": {
        "async-chainable": "^2.6.1"
      }
    },
    "reflib-tsv": {
      "version": "1.0.1",
      "resolved": "https://registry.npmjs.org/reflib-tsv/-/reflib-tsv-1.0.1.tgz",
      "integrity": "sha512-8UAwrM6hoNDCOaQdhB3niTWrk3l5WsPqciHDXPao9SV0R6FpOiNdJuIYdN7D6LJb+/91ti2vHmMOwzPGzRc1cA==",
      "requires": {
        "reflib-csv": "^1.0.5"
      }
    },
    "sax": {
      "version": "1.2.4",
      "resolved": "https://registry.npmjs.org/sax/-/sax-1.2.4.tgz",
      "integrity": "sha512-NqVDv9TpANUjFm0N8uM5GxL36UgKi9/atZw+x7YFnQ8ckwFGKrl4xX4yWtrey3UJm5nP1kUbnYgLopqWNSRhWw=="
    },
    "sync-fetch": {
      "version": "0.2.1",
      "resolved": "https://registry.npmjs.org/sync-fetch/-/sync-fetch-0.2.1.tgz",
      "integrity": "sha512-GxcJRiIgg32kjEe90/BTtLeCBOdSR5ShfxbQNrB3duVKbuf7lnjmC4aT3y/Bu1t84j5Uio80IoDQZ4uOHrtTHQ==",
      "requires": {
        "buffer": "^5.7.0",
        "node-fetch": "^2.6.1"
      }
    },
    "whatwg-fetch": {
      "version": "3.6.2",
      "resolved": "https://registry.npmjs.org/whatwg-fetch/-/whatwg-fetch-3.6.2.tgz",
      "integrity": "sha512-bJlen0FcuU/0EMLrdbJ7zOnW6ITZLrZMIarMUVmdKtsGvZna8vxKYaexICWPfZ8qwf9fzNq+UEIZrnSaApt6RA=="
    },
    "wikibase-sdk": {
      "version": "7.13.0",
      "resolved": "https://registry.npmjs.org/wikibase-sdk/-/wikibase-sdk-7.13.0.tgz",
      "integrity": "sha512-XVnmSmE4sYXmMQBTLzfKyxz1SvdVL2YiCfbvwObh23WBG2Dcer/HZsg6LN3l/KhUHo8g2Fse+b3PgZqJRSfRAg=="
    },
    "wikidata-sdk": {
      "version": "7.13.0",
      "resolved": "https://registry.npmjs.org/wikidata-sdk/-/wikidata-sdk-7.13.0.tgz",
      "integrity": "sha512-3LM3BrzJzs/Cfu4LqoU9ELo4DHTO6K6I8FVlHTkrohLh7vJbfgIJswkCmUmYGCXkc2b0FTCx9svU1aorzfs7kg==",
      "requires": {
        "wikibase-sdk": "^7.13.0"
      }
    },
    "xml2js": {
      "version": "0.4.23",
      "resolved": "https://registry.npmjs.org/xml2js/-/xml2js-0.4.23.tgz",
      "integrity": "sha512-ySPiMjM0+pLDftHgXY4By0uswI3SPKLDw/i3UXbnO8M/p28zqexCUoPmQFrYD+/1BzhGJSs2i1ERWKJAtiLrug==",
      "requires": {
        "sax": ">=0.6.0",
        "xmlbuilder": "~11.0.0"
      }
    },
    "xmlbuilder": {
      "version": "11.0.1",
      "resolved": "https://registry.npmjs.org/xmlbuilder/-/xmlbuilder-11.0.1.tgz",
      "integrity": "sha512-fDlsI/kFEx7gLvbecc0/ohLG50fugQp8ryHzMTuW9vSa1GJ0XYWKnhsUx7oie3G98+r56aTQIUB4kht42R3JvA=="
    }
  }
}
